
Microsoft Visual Studio Solution File, Format Version 12.00
# Visual Studio Version 17
VisualStudioVersion = 17.4.33403.182
MinimumVisualStudioVersion = 10.0.40219.1
Project("{FAE04EC0-301F-11D3-BF4B-00C04F79EFBC}") = "zad 5", "zad 5\zad 5.csproj", "{16D6BB5D-9DA6-48EF-B18E-7E9C514D41CD}"
EndProject
Global
	GlobalSection(SolutionConfigurationPlatforms) = preSolution
		Debug|Any CPU = Debug|Any CPU
		Release|Any CPU = Release|Any CPU
	EndGlobalSection
	GlobalSection(ProjectConfigurationPlatforms) = postSolution
		{16D6BB5D-9DA6-48EF-B18E-7E9C514D41CD}.Debug|Any CPU.ActiveCfg = Debug|Any CPU
		{16D6BB5D-9DA6-48EF-B18E-7E9C514D41CD}.Debug|Any CPU.Build.0 = Debug|Any CPU
		{16D6BB5D-9DA6-48EF-B18E-7E9C514D41CD}.Release|Any CPU.ActiveCfg = Release|Any CPU
		{16D6BB5D-9DA6-48EF-B18E-7E9C514D41CD}.Release|Any CPU.Build.0 = Release|Any CPU
	EndGlobalSection
	GlobalSection(SolutionProperties) = preSolution
		HideSolutionNode = FALSE
	EndGlobalSection
	GlobalSection(ExtensibilityGlobals) = postSolution
		SolutionGuid = {EE8F1D62-C1BD-4450-A3F4-323F43A4DB46}
	EndGlobalSection
EndGlobal
