
Microsoft Visual Studio Solution File, Format Version 12.00
# Visual Studio Version 17
VisualStudioVersion = 17.9.34728.123
MinimumVisualStudioVersion = 10.0.40219.1
Project("{FAE04EC0-301F-11D3-BF4B-00C04F79EFBC}") = "ZAD3", "ZAD3.csproj", "{DC653C65-C77E-458B-9703-1F691460A15B}"
EndProject
Global
	GlobalSection(SolutionConfigurationPlatforms) = preSolution
		Debug|Any CPU = Debug|Any CPU
		Release|Any CPU = Release|Any CPU
	EndGlobalSection
	GlobalSection(ProjectConfigurationPlatforms) = postSolution
		{DC653C65-C77E-458B-9703-1F691460A15B}.Debug|Any CPU.ActiveCfg = Debug|Any CPU
		{DC653C65-C77E-458B-9703-1F691460A15B}.Debug|Any CPU.Build.0 = Debug|Any CPU
		{DC653C65-C77E-458B-9703-1F691460A15B}.Release|Any CPU.ActiveCfg = Release|Any CPU
		{DC653C65-C77E-458B-9703-1F691460A15B}.Release|Any CPU.Build.0 = Release|Any CPU
	EndGlobalSection
	GlobalSection(SolutionProperties) = preSolution
		HideSolutionNode = FALSE
	EndGlobalSection
	GlobalSection(ExtensibilityGlobals) = postSolution
		SolutionGuid = {081A3A59-736D-440D-9DE7-B9A8437A4679}
	EndGlobalSection
EndGlobal
