
Microsoft Visual Studio Solution File, Format Version 12.00
# Visual Studio Version 17
VisualStudioVersion = 17.6.33815.320
MinimumVisualStudioVersion = 10.0.40219.1
Project("{FAE04EC0-301F-11D3-BF4B-00C04F79EFBC}") = "Project4", "Project4\Project4.csproj", "{C5045BEC-C90E-45EF-BBA5-884A14765ACC}"
EndProject
Global
	GlobalSection(SolutionConfigurationPlatforms) = preSolution
		Debug|Any CPU = Debug|Any CPU
		Release|Any CPU = Release|Any CPU
	EndGlobalSection
	GlobalSection(ProjectConfigurationPlatforms) = postSolution
		{C5045BEC-C90E-45EF-BBA5-884A14765ACC}.Debug|Any CPU.ActiveCfg = Debug|Any CPU
		{C5045BEC-C90E-45EF-BBA5-884A14765ACC}.Debug|Any CPU.Build.0 = Debug|Any CPU
		{C5045BEC-C90E-45EF-BBA5-884A14765ACC}.Release|Any CPU.ActiveCfg = Release|Any CPU
		{C5045BEC-C90E-45EF-BBA5-884A14765ACC}.Release|Any CPU.Build.0 = Release|Any CPU
	EndGlobalSection
	GlobalSection(SolutionProperties) = preSolution
		HideSolutionNode = FALSE
	EndGlobalSection
	GlobalSection(ExtensibilityGlobals) = postSolution
		SolutionGuid = {EA31B228-A631-44EE-B18F-0FD175264D16}
	EndGlobalSection
EndGlobal
