
Microsoft Visual Studio Solution File, Format Version 12.00
# Visual Studio Version 17
VisualStudioVersion = 17.9.34902.65
MinimumVisualStudioVersion = 10.0.40219.1
Project("{CC5FD16D-436D-48AD-A40C-5A424C6E3E79}") = "AzureCloudService1", "AzureCloudService1.ccproj", "{8A747FD8-54CD-429D-8C92-FEAFB36FF826}"
EndProject
Project("{FAE04EC0-301F-11D3-BF4B-00C04F79EFBC}") = "WCFServiceWebRole1", "WCFServiceWebRole1\WCFServiceWebRole1.csproj", "{8ACE0C7B-38DA-4B52-92A3-012C43EC0A68}"
EndProject
Project("{FAE04EC0-301F-11D3-BF4B-00C04F79EFBC}") = "WorkerRole2", "WorkerRole2\WorkerRole2.csproj", "{59776B5C-C0E8-4967-8AB8-988B580C5D06}"
EndProject
Global
	GlobalSection(SolutionConfigurationPlatforms) = preSolution
		Debug|Any CPU = Debug|Any CPU
		Release|Any CPU = Release|Any CPU
	EndGlobalSection
	GlobalSection(ProjectConfigurationPlatforms) = postSolution
		{8A747FD8-54CD-429D-8C92-FEAFB36FF826}.Debug|Any CPU.ActiveCfg = Debug|Any CPU
		{8A747FD8-54CD-429D-8C92-FEAFB36FF826}.Debug|Any CPU.Build.0 = Debug|Any CPU
		{8A747FD8-54CD-429D-8C92-FEAFB36FF826}.Release|Any CPU.ActiveCfg = Release|Any CPU
		{8A747FD8-54CD-429D-8C92-FEAFB36FF826}.Release|Any CPU.Build.0 = Release|Any CPU
		{8ACE0C7B-38DA-4B52-92A3-012C43EC0A68}.Debug|Any CPU.ActiveCfg = Debug|Any CPU
		{8ACE0C7B-38DA-4B52-92A3-012C43EC0A68}.Debug|Any CPU.Build.0 = Debug|Any CPU
		{8ACE0C7B-38DA-4B52-92A3-012C43EC0A68}.Release|Any CPU.ActiveCfg = Release|Any CPU
		{8ACE0C7B-38DA-4B52-92A3-012C43EC0A68}.Release|Any CPU.Build.0 = Release|Any CPU
		{59776B5C-C0E8-4967-8AB8-988B580C5D06}.Debug|Any CPU.ActiveCfg = Debug|Any CPU
		{59776B5C-C0E8-4967-8AB8-988B580C5D06}.Debug|Any CPU.Build.0 = Debug|Any CPU
		{59776B5C-C0E8-4967-8AB8-988B580C5D06}.Release|Any CPU.ActiveCfg = Release|Any CPU
		{59776B5C-C0E8-4967-8AB8-988B580C5D06}.Release|Any CPU.Build.0 = Release|Any CPU
	EndGlobalSection
	GlobalSection(SolutionProperties) = preSolution
		HideSolutionNode = FALSE
	EndGlobalSection
	GlobalSection(ExtensibilityGlobals) = postSolution
		SolutionGuid = {3BD8F96D-668D-41B1-BEB9-87A5F6DAC2EC}
	EndGlobalSection
EndGlobal
