
Microsoft Visual Studio Solution File, Format Version 12.00
# Visual Studio Version 17
VisualStudioVersion = 17.4.33403.182
MinimumVisualStudioVersion = 10.0.40219.1
Project("{FAE04EC0-301F-11D3-BF4B-00C04F79EFBC}") = "zadanie 1", "zadanie 1\zadanie 1.csproj", "{35EE6091-9C12-43A8-AA32-2D4B8B5DD0B8}"
EndProject
Project("{FAE04EC0-301F-11D3-BF4B-00C04F79EFBC}") = "Komunikaty", "Komunikaty\Komunikaty.csproj", "{CC03FA3B-CB7B-46F2-861B-AC787C609733}"
EndProject
Project("{FAE04EC0-301F-11D3-BF4B-00C04F79EFBC}") = "nadawca_dziala", "nadawca_dziala\nadawca_dziala.csproj", "{B2B15B58-1A86-4190-A13F-E0CFF7DEE507}"
EndProject
Project("{FAE04EC0-301F-11D3-BF4B-00C04F79EFBC}") = "ZAdanie 4", "ZAdanie 4\ZAdanie 4.csproj", "{1D3D5006-382A-4677-A369-58198FD79A85}"
EndProject
Project("{FAE04EC0-301F-11D3-BF4B-00C04F79EFBC}") = "odbiorca C", "odbiorca C\odbiorca C.csproj", "{5A8A6582-8166-4C58-B750-5AFB699DB66D}"
EndProject
Global
	GlobalSection(SolutionConfigurationPlatforms) = preSolution
		Debug|Any CPU = Debug|Any CPU
		Release|Any CPU = Release|Any CPU
	EndGlobalSection
	GlobalSection(ProjectConfigurationPlatforms) = postSolution
		{35EE6091-9C12-43A8-AA32-2D4B8B5DD0B8}.Debug|Any CPU.ActiveCfg = Debug|Any CPU
		{35EE6091-9C12-43A8-AA32-2D4B8B5DD0B8}.Debug|Any CPU.Build.0 = Debug|Any CPU
		{35EE6091-9C12-43A8-AA32-2D4B8B5DD0B8}.Release|Any CPU.ActiveCfg = Release|Any CPU
		{35EE6091-9C12-43A8-AA32-2D4B8B5DD0B8}.Release|Any CPU.Build.0 = Release|Any CPU
		{CC03FA3B-CB7B-46F2-861B-AC787C609733}.Debug|Any CPU.ActiveCfg = Debug|Any CPU
		{CC03FA3B-CB7B-46F2-861B-AC787C609733}.Debug|Any CPU.Build.0 = Debug|Any CPU
		{CC03FA3B-CB7B-46F2-861B-AC787C609733}.Release|Any CPU.ActiveCfg = Release|Any CPU
		{CC03FA3B-CB7B-46F2-861B-AC787C609733}.Release|Any CPU.Build.0 = Release|Any CPU
		{B2B15B58-1A86-4190-A13F-E0CFF7DEE507}.Debug|Any CPU.ActiveCfg = Debug|Any CPU
		{B2B15B58-1A86-4190-A13F-E0CFF7DEE507}.Debug|Any CPU.Build.0 = Debug|Any CPU
		{B2B15B58-1A86-4190-A13F-E0CFF7DEE507}.Release|Any CPU.ActiveCfg = Release|Any CPU
		{B2B15B58-1A86-4190-A13F-E0CFF7DEE507}.Release|Any CPU.Build.0 = Release|Any CPU
		{1D3D5006-382A-4677-A369-58198FD79A85}.Debug|Any CPU.ActiveCfg = Debug|Any CPU
		{1D3D5006-382A-4677-A369-58198FD79A85}.Debug|Any CPU.Build.0 = Debug|Any CPU
		{1D3D5006-382A-4677-A369-58198FD79A85}.Release|Any CPU.ActiveCfg = Release|Any CPU
		{1D3D5006-382A-4677-A369-58198FD79A85}.Release|Any CPU.Build.0 = Release|Any CPU
		{5A8A6582-8166-4C58-B750-5AFB699DB66D}.Debug|Any CPU.ActiveCfg = Debug|Any CPU
		{5A8A6582-8166-4C58-B750-5AFB699DB66D}.Debug|Any CPU.Build.0 = Debug|Any CPU
		{5A8A6582-8166-4C58-B750-5AFB699DB66D}.Release|Any CPU.ActiveCfg = Release|Any CPU
		{5A8A6582-8166-4C58-B750-5AFB699DB66D}.Release|Any CPU.Build.0 = Release|Any CPU
	EndGlobalSection
	GlobalSection(SolutionProperties) = preSolution
		HideSolutionNode = FALSE
	EndGlobalSection
	GlobalSection(ExtensibilityGlobals) = postSolution
		SolutionGuid = {0F21EC5B-65B4-45AF-BB16-C9FA0713A1FB}
	EndGlobalSection
EndGlobal
