
Microsoft Visual Studio Solution File, Format Version 12.00
# Visual Studio Version 17
VisualStudioVersion = 17.10.34928.147
MinimumVisualStudioVersion = 10.0.40219.1
Project("{FAE04EC0-301F-11D3-BF4B-00C04F79EFBC}") = "testing_resharper", "testing_resharper\testing_resharper.csproj", "{B436C374-FBA6-462A-A063-958176758E7A}"
EndProject
Global
	GlobalSection(SolutionConfigurationPlatforms) = preSolution
		Debug|Any CPU = Debug|Any CPU
		Release|Any CPU = Release|Any CPU
	EndGlobalSection
	GlobalSection(ProjectConfigurationPlatforms) = postSolution
		{B436C374-FBA6-462A-A063-958176758E7A}.Debug|Any CPU.ActiveCfg = Debug|Any CPU
		{B436C374-FBA6-462A-A063-958176758E7A}.Debug|Any CPU.Build.0 = Debug|Any CPU
		{B436C374-FBA6-462A-A063-958176758E7A}.Release|Any CPU.ActiveCfg = Release|Any CPU
		{B436C374-FBA6-462A-A063-958176758E7A}.Release|Any CPU.Build.0 = Release|Any CPU
	EndGlobalSection
	GlobalSection(SolutionProperties) = preSolution
		HideSolutionNode = FALSE
	EndGlobalSection
	GlobalSection(ExtensibilityGlobals) = postSolution
		SolutionGuid = {3E4A0CFC-098A-422A-A146-6E7D4EBCEAC0}
	EndGlobalSection
EndGlobal
