
Microsoft Visual Studio Solution File, Format Version 12.00
# Visual Studio Version 17
VisualStudioVersion = 17.4.33403.182
MinimumVisualStudioVersion = 10.0.40219.1
Project("{FAE04EC0-301F-11D3-BF4B-00C04F79EFBC}") = "zad4", "zad4\zad4.csproj", "{1DEF26DF-A7A7-4DA1-8221-514D71D3E6E8}"
EndProject
Global
	GlobalSection(SolutionConfigurationPlatforms) = preSolution
		Debug|Any CPU = Debug|Any CPU
		Release|Any CPU = Release|Any CPU
	EndGlobalSection
	GlobalSection(ProjectConfigurationPlatforms) = postSolution
		{1DEF26DF-A7A7-4DA1-8221-514D71D3E6E8}.Debug|Any CPU.ActiveCfg = Debug|Any CPU
		{1DEF26DF-A7A7-4DA1-8221-514D71D3E6E8}.Debug|Any CPU.Build.0 = Debug|Any CPU
		{1DEF26DF-A7A7-4DA1-8221-514D71D3E6E8}.Release|Any CPU.ActiveCfg = Release|Any CPU
		{1DEF26DF-A7A7-4DA1-8221-514D71D3E6E8}.Release|Any CPU.Build.0 = Release|Any CPU
	EndGlobalSection
	GlobalSection(SolutionProperties) = preSolution
		HideSolutionNode = FALSE
	EndGlobalSection
	GlobalSection(ExtensibilityGlobals) = postSolution
		SolutionGuid = {41CCB3F2-8E38-4A3E-8276-FA840C160CC0}
	EndGlobalSection
EndGlobal
