
Microsoft Visual Studio Solution File, Format Version 12.00
# Visual Studio Version 17
VisualStudioVersion = 17.5.33502.453
MinimumVisualStudioVersion = 10.0.40219.1
Project("{8BC9CEB8-8B4A-11D0-8D11-00A0C91BC942}") = "klient chat", "klient chat\klient chat.vcxproj", "{9909272F-DF80-4A38-834C-367B0EF18CEB}"
EndProject
Global
	GlobalSection(SolutionConfigurationPlatforms) = preSolution
		Debug|x64 = Debug|x64
		Debug|x86 = Debug|x86
		Release|x64 = Release|x64
		Release|x86 = Release|x86
	EndGlobalSection
	GlobalSection(ProjectConfigurationPlatforms) = postSolution
		{9909272F-DF80-4A38-834C-367B0EF18CEB}.Debug|x64.ActiveCfg = Debug|x64
		{9909272F-DF80-4A38-834C-367B0EF18CEB}.Debug|x64.Build.0 = Debug|x64
		{9909272F-DF80-4A38-834C-367B0EF18CEB}.Debug|x86.ActiveCfg = Debug|Win32
		{9909272F-DF80-4A38-834C-367B0EF18CEB}.Debug|x86.Build.0 = Debug|Win32
		{9909272F-DF80-4A38-834C-367B0EF18CEB}.Release|x64.ActiveCfg = Release|x64
		{9909272F-DF80-4A38-834C-367B0EF18CEB}.Release|x64.Build.0 = Release|x64
		{9909272F-DF80-4A38-834C-367B0EF18CEB}.Release|x86.ActiveCfg = Release|Win32
		{9909272F-DF80-4A38-834C-367B0EF18CEB}.Release|x86.Build.0 = Release|Win32
	EndGlobalSection
	GlobalSection(SolutionProperties) = preSolution
		HideSolutionNode = FALSE
	EndGlobalSection
	GlobalSection(ExtensibilityGlobals) = postSolution
		SolutionGuid = {91FBC9E4-08CB-4F56-BFD7-0A56AF41F4EA}
	EndGlobalSection
EndGlobal
