
Microsoft Visual Studio Solution File, Format Version 12.00
# Visual Studio Version 17
VisualStudioVersion = 17.4.33403.182
MinimumVisualStudioVersion = 10.0.40219.1
Project("{FAE04EC0-301F-11D3-BF4B-00C04F79EFBC}") = "ZAD_1", "ZAD_1\ZAD_1.csproj", "{BA812F42-D090-461A-9AD9-A7EBC6F5CD37}"
EndProject
Global
	GlobalSection(SolutionConfigurationPlatforms) = preSolution
		Debug|Any CPU = Debug|Any CPU
		Release|Any CPU = Release|Any CPU
	EndGlobalSection
	GlobalSection(ProjectConfigurationPlatforms) = postSolution
		{BA812F42-D090-461A-9AD9-A7EBC6F5CD37}.Debug|Any CPU.ActiveCfg = Debug|Any CPU
		{BA812F42-D090-461A-9AD9-A7EBC6F5CD37}.Debug|Any CPU.Build.0 = Debug|Any CPU
		{BA812F42-D090-461A-9AD9-A7EBC6F5CD37}.Release|Any CPU.ActiveCfg = Release|Any CPU
		{BA812F42-D090-461A-9AD9-A7EBC6F5CD37}.Release|Any CPU.Build.0 = Release|Any CPU
	EndGlobalSection
	GlobalSection(SolutionProperties) = preSolution
		HideSolutionNode = FALSE
	EndGlobalSection
	GlobalSection(ExtensibilityGlobals) = postSolution
		SolutionGuid = {4F03CA26-37B7-4FE6-A220-B77738B44487}
	EndGlobalSection
EndGlobal
