
Microsoft Visual Studio Solution File, Format Version 12.00
# Visual Studio Version 17
VisualStudioVersion = 17.8.34322.80
MinimumVisualStudioVersion = 10.0.40219.1
Project("{FAE04EC0-301F-11D3-BF4B-00C04F79EFBC}") = "ZAD1", "ZAD1.csproj", "{BE43AECA-942D-4576-ADC2-52B8738CB676}"
EndProject
Global
	GlobalSection(SolutionConfigurationPlatforms) = preSolution
		Debug|Any CPU = Debug|Any CPU
		Release|Any CPU = Release|Any CPU
	EndGlobalSection
	GlobalSection(ProjectConfigurationPlatforms) = postSolution
		{BE43AECA-942D-4576-ADC2-52B8738CB676}.Debug|Any CPU.ActiveCfg = Debug|Any CPU
		{BE43AECA-942D-4576-ADC2-52B8738CB676}.Debug|Any CPU.Build.0 = Debug|Any CPU
		{BE43AECA-942D-4576-ADC2-52B8738CB676}.Release|Any CPU.ActiveCfg = Release|Any CPU
		{BE43AECA-942D-4576-ADC2-52B8738CB676}.Release|Any CPU.Build.0 = Release|Any CPU
	EndGlobalSection
	GlobalSection(SolutionProperties) = preSolution
		HideSolutionNode = FALSE
	EndGlobalSection
	GlobalSection(ExtensibilityGlobals) = postSolution
		SolutionGuid = {973E9C2F-2EF7-4547-BF1B-CCE7A738280B}
	EndGlobalSection
EndGlobal
