
Microsoft Visual Studio Solution File, Format Version 12.00
# Visual Studio Version 17
VisualStudioVersion = 17.9.34728.123
MinimumVisualStudioVersion = 10.0.40219.1
Project("{FAE04EC0-301F-11D3-BF4B-00C04F79EFBC}") = "ZAD2", "ZAD2.csproj", "{61360110-56B5-4918-BF8F-3D218A535CF2}"
EndProject
Global
	GlobalSection(SolutionConfigurationPlatforms) = preSolution
		Debug|Any CPU = Debug|Any CPU
		Release|Any CPU = Release|Any CPU
	EndGlobalSection
	GlobalSection(ProjectConfigurationPlatforms) = postSolution
		{61360110-56B5-4918-BF8F-3D218A535CF2}.Debug|Any CPU.ActiveCfg = Debug|Any CPU
		{61360110-56B5-4918-BF8F-3D218A535CF2}.Debug|Any CPU.Build.0 = Debug|Any CPU
		{61360110-56B5-4918-BF8F-3D218A535CF2}.Release|Any CPU.ActiveCfg = Release|Any CPU
		{61360110-56B5-4918-BF8F-3D218A535CF2}.Release|Any CPU.Build.0 = Release|Any CPU
	EndGlobalSection
	GlobalSection(SolutionProperties) = preSolution
		HideSolutionNode = FALSE
	EndGlobalSection
	GlobalSection(ExtensibilityGlobals) = postSolution
		SolutionGuid = {6F30E260-9D4D-4248-8105-56EBDA534EC2}
	EndGlobalSection
EndGlobal
