
Microsoft Visual Studio Solution File, Format Version 12.00
# Visual Studio Version 17
VisualStudioVersion = 17.8.34322.80
MinimumVisualStudioVersion = 10.0.40219.1
Project("{FAE04EC0-301F-11D3-BF4B-00C04F79EFBC}") = "ZAD2", "ZAD2.csproj", "{C2B3C6D1-2D84-4C0B-9EF7-019494FA1E18}"
EndProject
Global
	GlobalSection(SolutionConfigurationPlatforms) = preSolution
		Debug|Any CPU = Debug|Any CPU
		Release|Any CPU = Release|Any CPU
	EndGlobalSection
	GlobalSection(ProjectConfigurationPlatforms) = postSolution
		{C2B3C6D1-2D84-4C0B-9EF7-019494FA1E18}.Debug|Any CPU.ActiveCfg = Debug|Any CPU
		{C2B3C6D1-2D84-4C0B-9EF7-019494FA1E18}.Debug|Any CPU.Build.0 = Debug|Any CPU
		{C2B3C6D1-2D84-4C0B-9EF7-019494FA1E18}.Release|Any CPU.ActiveCfg = Release|Any CPU
		{C2B3C6D1-2D84-4C0B-9EF7-019494FA1E18}.Release|Any CPU.Build.0 = Release|Any CPU
	EndGlobalSection
	GlobalSection(SolutionProperties) = preSolution
		HideSolutionNode = FALSE
	EndGlobalSection
	GlobalSection(ExtensibilityGlobals) = postSolution
		SolutionGuid = {83EEBEB3-4ABE-43CC-9E62-831FC3C387D9}
	EndGlobalSection
EndGlobal
