
Microsoft Visual Studio Solution File, Format Version 12.00
# Visual Studio Version 17
VisualStudioVersion = 17.4.33403.182
MinimumVisualStudioVersion = 10.0.40219.1
Project("{8BC9CEB8-8B4A-11D0-8D11-00A0C91BC942}") = "hellow pc", "hellow pc\hellow pc.vcxproj", "{C316382D-F563-4253-A716-E2B71544773B}"
EndProject
Global
	GlobalSection(SolutionConfigurationPlatforms) = preSolution
		Debug|x64 = Debug|x64
		Debug|x86 = Debug|x86
		Release|x64 = Release|x64
		Release|x86 = Release|x86
	EndGlobalSection
	GlobalSection(ProjectConfigurationPlatforms) = postSolution
		{C316382D-F563-4253-A716-E2B71544773B}.Debug|x64.ActiveCfg = Debug|x64
		{C316382D-F563-4253-A716-E2B71544773B}.Debug|x64.Build.0 = Debug|x64
		{C316382D-F563-4253-A716-E2B71544773B}.Debug|x86.ActiveCfg = Debug|Win32
		{C316382D-F563-4253-A716-E2B71544773B}.Debug|x86.Build.0 = Debug|Win32
		{C316382D-F563-4253-A716-E2B71544773B}.Release|x64.ActiveCfg = Release|x64
		{C316382D-F563-4253-A716-E2B71544773B}.Release|x64.Build.0 = Release|x64
		{C316382D-F563-4253-A716-E2B71544773B}.Release|x86.ActiveCfg = Release|Win32
		{C316382D-F563-4253-A716-E2B71544773B}.Release|x86.Build.0 = Release|Win32
	EndGlobalSection
	GlobalSection(SolutionProperties) = preSolution
		HideSolutionNode = FALSE
	EndGlobalSection
	GlobalSection(ExtensibilityGlobals) = postSolution
		SolutionGuid = {FA1BA176-8773-4253-9067-9D1B420D6B50}
	EndGlobalSection
EndGlobal
