
Microsoft Visual Studio Solution File, Format Version 12.00
# Visual Studio Version 17
VisualStudioVersion = 17.5.33502.453
MinimumVisualStudioVersion = 10.0.40219.1
Project("{FAE04EC0-301F-11D3-BF4B-00C04F79EFBC}") = "Webber", "Webber\Webber.csproj", "{98B9444B-5D79-44DA-813D-19377FF5F57D}"
EndProject
Global
	GlobalSection(SolutionConfigurationPlatforms) = preSolution
		Debug|Any CPU = Debug|Any CPU
		Release|Any CPU = Release|Any CPU
	EndGlobalSection
	GlobalSection(ProjectConfigurationPlatforms) = postSolution
		{98B9444B-5D79-44DA-813D-19377FF5F57D}.Debug|Any CPU.ActiveCfg = Debug|Any CPU
		{98B9444B-5D79-44DA-813D-19377FF5F57D}.Debug|Any CPU.Build.0 = Debug|Any CPU
		{98B9444B-5D79-44DA-813D-19377FF5F57D}.Release|Any CPU.ActiveCfg = Release|Any CPU
		{98B9444B-5D79-44DA-813D-19377FF5F57D}.Release|Any CPU.Build.0 = Release|Any CPU
	EndGlobalSection
	GlobalSection(SolutionProperties) = preSolution
		HideSolutionNode = FALSE
	EndGlobalSection
	GlobalSection(ExtensibilityGlobals) = postSolution
		SolutionGuid = {1509B6D7-B279-4B01-8C9D-9FC4D4270EEA}
	EndGlobalSection
EndGlobal
