
Microsoft Visual Studio Solution File, Format Version 12.00
# Visual Studio Version 17
VisualStudioVersion = 17.9.34728.123
MinimumVisualStudioVersion = 10.0.40219.1
Project("{FAE04EC0-301F-11D3-BF4B-00C04F79EFBC}") = "Sklep", "Sklep.csproj", "{A30F2892-164F-4846-AD00-5C9850BBAA9F}"
EndProject
Project("{FAE04EC0-301F-11D3-BF4B-00C04F79EFBC}") = "Komunikaty", "..\Komunikaty\Komunikaty.csproj", "{41171E7F-162F-437C-85AD-0B8BCB0DE93F}"
EndProject
Project("{FAE04EC0-301F-11D3-BF4B-00C04F79EFBC}") = "KlientA", "..\KlientA\KlientA.csproj", "{060B0E9F-A026-4342-BCD6-B5908BD79EEB}"
EndProject
Project("{FAE04EC0-301F-11D3-BF4B-00C04F79EFBC}") = "KlientB", "..\KlientB\KlientB.csproj", "{2A5D2931-D3E7-404E-B363-C056DC05F64D}"
EndProject
Project("{FAE04EC0-301F-11D3-BF4B-00C04F79EFBC}") = "Magazyn", "..\Magazyn\Magazyn.csproj", "{FB4B7C7A-D589-4B90-B25A-A6ED3D41A05C}"
EndProject
Global
	GlobalSection(SolutionConfigurationPlatforms) = preSolution
		Debug|Any CPU = Debug|Any CPU
		Release|Any CPU = Release|Any CPU
	EndGlobalSection
	GlobalSection(ProjectConfigurationPlatforms) = postSolution
		{A30F2892-164F-4846-AD00-5C9850BBAA9F}.Debug|Any CPU.ActiveCfg = Debug|Any CPU
		{A30F2892-164F-4846-AD00-5C9850BBAA9F}.Debug|Any CPU.Build.0 = Debug|Any CPU
		{A30F2892-164F-4846-AD00-5C9850BBAA9F}.Release|Any CPU.ActiveCfg = Release|Any CPU
		{A30F2892-164F-4846-AD00-5C9850BBAA9F}.Release|Any CPU.Build.0 = Release|Any CPU
		{41171E7F-162F-437C-85AD-0B8BCB0DE93F}.Debug|Any CPU.ActiveCfg = Debug|Any CPU
		{41171E7F-162F-437C-85AD-0B8BCB0DE93F}.Debug|Any CPU.Build.0 = Debug|Any CPU
		{41171E7F-162F-437C-85AD-0B8BCB0DE93F}.Release|Any CPU.ActiveCfg = Release|Any CPU
		{41171E7F-162F-437C-85AD-0B8BCB0DE93F}.Release|Any CPU.Build.0 = Release|Any CPU
		{060B0E9F-A026-4342-BCD6-B5908BD79EEB}.Debug|Any CPU.ActiveCfg = Debug|Any CPU
		{060B0E9F-A026-4342-BCD6-B5908BD79EEB}.Debug|Any CPU.Build.0 = Debug|Any CPU
		{060B0E9F-A026-4342-BCD6-B5908BD79EEB}.Release|Any CPU.ActiveCfg = Release|Any CPU
		{060B0E9F-A026-4342-BCD6-B5908BD79EEB}.Release|Any CPU.Build.0 = Release|Any CPU
		{2A5D2931-D3E7-404E-B363-C056DC05F64D}.Debug|Any CPU.ActiveCfg = Debug|Any CPU
		{2A5D2931-D3E7-404E-B363-C056DC05F64D}.Debug|Any CPU.Build.0 = Debug|Any CPU
		{2A5D2931-D3E7-404E-B363-C056DC05F64D}.Release|Any CPU.ActiveCfg = Release|Any CPU
		{2A5D2931-D3E7-404E-B363-C056DC05F64D}.Release|Any CPU.Build.0 = Release|Any CPU
		{FB4B7C7A-D589-4B90-B25A-A6ED3D41A05C}.Debug|Any CPU.ActiveCfg = Debug|Any CPU
		{FB4B7C7A-D589-4B90-B25A-A6ED3D41A05C}.Debug|Any CPU.Build.0 = Debug|Any CPU
		{FB4B7C7A-D589-4B90-B25A-A6ED3D41A05C}.Release|Any CPU.ActiveCfg = Release|Any CPU
		{FB4B7C7A-D589-4B90-B25A-A6ED3D41A05C}.Release|Any CPU.Build.0 = Release|Any CPU
	EndGlobalSection
	GlobalSection(SolutionProperties) = preSolution
		HideSolutionNode = FALSE
	EndGlobalSection
	GlobalSection(ExtensibilityGlobals) = postSolution
		SolutionGuid = {E84909A3-BF14-408E-A558-8DE8AA753572}
	EndGlobalSection
EndGlobal
