
Microsoft Visual Studio Solution File, Format Version 12.00
# Visual Studio Version 17
VisualStudioVersion = 17.4.33403.182
MinimumVisualStudioVersion = 10.0.40219.1
Project("{FAE04EC0-301F-11D3-BF4B-00C04F79EFBC}") = "WpfApp1", "WpfApp1\WpfApp1.csproj", "{E503E910-51EE-49AF-BA81-6CC535597FAF}"
EndProject
Global
	GlobalSection(SolutionConfigurationPlatforms) = preSolution
		Debug|Any CPU = Debug|Any CPU
		Release|Any CPU = Release|Any CPU
	EndGlobalSection
	GlobalSection(ProjectConfigurationPlatforms) = postSolution
		{E503E910-51EE-49AF-BA81-6CC535597FAF}.Debug|Any CPU.ActiveCfg = Debug|Any CPU
		{E503E910-51EE-49AF-BA81-6CC535597FAF}.Debug|Any CPU.Build.0 = Debug|Any CPU
		{E503E910-51EE-49AF-BA81-6CC535597FAF}.Release|Any CPU.ActiveCfg = Release|Any CPU
		{E503E910-51EE-49AF-BA81-6CC535597FAF}.Release|Any CPU.Build.0 = Release|Any CPU
	EndGlobalSection
	GlobalSection(SolutionProperties) = preSolution
		HideSolutionNode = FALSE
	EndGlobalSection
	GlobalSection(ExtensibilityGlobals) = postSolution
		SolutionGuid = {2EAE30F9-A381-41AB-8EB3-C8AA7DD5C7C0}
	EndGlobalSection
EndGlobal
