
Microsoft Visual Studio Solution File, Format Version 12.00
# Visual Studio Version 17
VisualStudioVersion = 17.10.34928.147
MinimumVisualStudioVersion = 10.0.40219.1
Project("{FAE04EC0-301F-11D3-BF4B-00C04F79EFBC}") = "ConsoleApp2", "ConsoleApp2\ConsoleApp2.csproj", "{7EC195A4-F666-407C-BEA9-BED51F1FC99C}"
EndProject
Global
	GlobalSection(SolutionConfigurationPlatforms) = preSolution
		Debug|Any CPU = Debug|Any CPU
		Release|Any CPU = Release|Any CPU
	EndGlobalSection
	GlobalSection(ProjectConfigurationPlatforms) = postSolution
		{7EC195A4-F666-407C-BEA9-BED51F1FC99C}.Debug|Any CPU.ActiveCfg = Debug|Any CPU
		{7EC195A4-F666-407C-BEA9-BED51F1FC99C}.Debug|Any CPU.Build.0 = Debug|Any CPU
		{7EC195A4-F666-407C-BEA9-BED51F1FC99C}.Release|Any CPU.ActiveCfg = Release|Any CPU
		{7EC195A4-F666-407C-BEA9-BED51F1FC99C}.Release|Any CPU.Build.0 = Release|Any CPU
	EndGlobalSection
	GlobalSection(SolutionProperties) = preSolution
		HideSolutionNode = FALSE
	EndGlobalSection
	GlobalSection(ExtensibilityGlobals) = postSolution
		SolutionGuid = {7CA0832A-A2EF-4955-A48E-A60817A557A7}
	EndGlobalSection
EndGlobal
